
Microsoft Visual Studio Solution File, Format Version 12.00
# Visual Studio 15
Project("{FAE04EC0-301F-11D3-BF4B-00C04F79EFBC}") = "PlayFab", "PlayFab.csproj", "{E7CC67EA-3D9B-BDC0-F84A-CCFF5098DDA4}"
EndProject
Project("{FAE04EC0-301F-11D3-BF4B-00C04F79EFBC}") = "PhotonUnityNetworking.Utilities", "PhotonUnityNetworking.Utilities.csproj", "{EB095884-0D20-F1AA-8BBF-D503CB4BB568}"
EndProject
Project("{FAE04EC0-301F-11D3-BF4B-00C04F79EFBC}") = "PhotonUnityNetworking", "PhotonUnityNetworking.csproj", "{4850CA76-5FB3-E2E7-B423-AA43C6117EAA}"
EndProject
Project("{FAE04EC0-301F-11D3-BF4B-00C04F79EFBC}") = "PhotonRealtime", "PhotonRealtime.csproj", "{19E66FBF-EAD1-843D-40EA-9CF867491DE8}"
EndProject
Project("{FAE04EC0-301F-11D3-BF4B-00C04F79EFBC}") = "Assembly-CSharp", "Assembly-CSharp.csproj", "{2D0E0C79-89BA-FC37-DB85-BB3D67F006A3}"
EndProject
Project("{FAE04EC0-301F-11D3-BF4B-00C04F79EFBC}") = "PhotonWebSocket", "PhotonWebSocket.csproj", "{40EB76AA-A76E-FFBF-A1BB-068AD70CBD2B}"
EndProject
Project("{FAE04EC0-301F-11D3-BF4B-00C04F79EFBC}") = "PhotonUnityNetworking.Editor", "PhotonUnityNetworking.Editor.csproj", "{6CF47EE1-DECB-5E0B-6700-F0A19D1C094A}"
EndProject
Project("{FAE04EC0-301F-11D3-BF4B-00C04F79EFBC}") = "PhotonUnityNetworking.Utilities.PhotonPlayer.Editor", "PhotonUnityNetworking.Utilities.PhotonPlayer.Editor.csproj", "{67A4889A-50DC-C444-1E26-DBDDD1E3A264}"
EndProject
Project("{FAE04EC0-301F-11D3-BF4B-00C04F79EFBC}") = "PhotonUnityNetworking.Utilities.Culling.Editor", "PhotonUnityNetworking.Utilities.Culling.Editor.csproj", "{AF1A4412-B65C-4AEE-93D1-449807E5BD1B}"
EndProject
Project("{FAE04EC0-301F-11D3-BF4B-00C04F79EFBC}") = "PlayFabSDKEditor", "PlayFabSDKEditor.csproj", "{6DEB7910-9B3C-8E25-DEE2-9EA72B098611}"
EndProject
Global
	GlobalSection(SolutionConfigurationPlatforms) = preSolution
		Debug|Any CPU = Debug|Any CPU
		Release|Any CPU = Release|Any CPU
	EndGlobalSection
	GlobalSection(ProjectConfigurationPlatforms) = postSolution
		{E7CC67EA-3D9B-BDC0-F84A-CCFF5098DDA4}.Debug|Any CPU.ActiveCfg = Debug|Any CPU
		{E7CC67EA-3D9B-BDC0-F84A-CCFF5098DDA4}.Debug|Any CPU.Build.0 = Debug|Any CPU
		{E7CC67EA-3D9B-BDC0-F84A-CCFF5098DDA4}.Release|Any CPU.ActiveCfg = Release|Any CPU
		{E7CC67EA-3D9B-BDC0-F84A-CCFF5098DDA4}.Release|Any CPU.Build.0 = Release|Any CPU
		{EB095884-0D20-F1AA-8BBF-D503CB4BB568}.Debug|Any CPU.ActiveCfg = Debug|Any CPU
		{EB095884-0D20-F1AA-8BBF-D503CB4BB568}.Debug|Any CPU.Build.0 = Debug|Any CPU
		{EB095884-0D20-F1AA-8BBF-D503CB4BB568}.Release|Any CPU.ActiveCfg = Release|Any CPU
		{EB095884-0D20-F1AA-8BBF-D503CB4BB568}.Release|Any CPU.Build.0 = Release|Any CPU
		{4850CA76-5FB3-E2E7-B423-AA43C6117EAA}.Debug|Any CPU.ActiveCfg = Debug|Any CPU
		{4850CA76-5FB3-E2E7-B423-AA43C6117EAA}.Debug|Any CPU.Build.0 = Debug|Any CPU
		{4850CA76-5FB3-E2E7-B423-AA43C6117EAA}.Release|Any CPU.ActiveCfg = Release|Any CPU
		{4850CA76-5FB3-E2E7-B423-AA43C6117EAA}.Release|Any CPU.Build.0 = Release|Any CPU
		{19E66FBF-EAD1-843D-40EA-9CF867491DE8}.Debug|Any CPU.ActiveCfg = Debug|Any CPU
		{19E66FBF-EAD1-843D-40EA-9CF867491DE8}.Debug|Any CPU.Build.0 = Debug|Any CPU
		{19E66FBF-EAD1-843D-40EA-9CF867491DE8}.Release|Any CPU.ActiveCfg = Release|Any CPU
		{19E66FBF-EAD1-843D-40EA-9CF867491DE8}.Release|Any CPU.Build.0 = Release|Any CPU
		{2D0E0C79-89BA-FC37-DB85-BB3D67F006A3}.Debug|Any CPU.ActiveCfg = Debug|Any CPU
		{2D0E0C79-89BA-FC37-DB85-BB3D67F006A3}.Debug|Any CPU.Build.0 = Debug|Any CPU
		{2D0E0C79-89BA-FC37-DB85-BB3D67F006A3}.Release|Any CPU.ActiveCfg = Release|Any CPU
		{2D0E0C79-89BA-FC37-DB85-BB3D67F006A3}.Release|Any CPU.Build.0 = Release|Any CPU
		{40EB76AA-A76E-FFBF-A1BB-068AD70CBD2B}.Debug|Any CPU.ActiveCfg = Debug|Any CPU
		{40EB76AA-A76E-FFBF-A1BB-068AD70CBD2B}.Debug|Any CPU.Build.0 = Debug|Any CPU
		{40EB76AA-A76E-FFBF-A1BB-068AD70CBD2B}.Release|Any CPU.ActiveCfg = Release|Any CPU
		{40EB76AA-A76E-FFBF-A1BB-068AD70CBD2B}.Release|Any CPU.Build.0 = Release|Any CPU
		{6CF47EE1-DECB-5E0B-6700-F0A19D1C094A}.Debug|Any CPU.ActiveCfg = Debug|Any CPU
		{6CF47EE1-DECB-5E0B-6700-F0A19D1C094A}.Debug|Any CPU.Build.0 = Debug|Any CPU
		{6CF47EE1-DECB-5E0B-6700-F0A19D1C094A}.Release|Any CPU.ActiveCfg = Release|Any CPU
		{6CF47EE1-DECB-5E0B-6700-F0A19D1C094A}.Release|Any CPU.Build.0 = Release|Any CPU
		{67A4889A-50DC-C444-1E26-DBDDD1E3A264}.Debug|Any CPU.ActiveCfg = Debug|Any CPU
		{67A4889A-50DC-C444-1E26-DBDDD1E3A264}.Debug|Any CPU.Build.0 = Debug|Any CPU
		{67A4889A-50DC-C444-1E26-DBDDD1E3A264}.Release|Any CPU.ActiveCfg = Release|Any CPU
		{67A4889A-50DC-C444-1E26-DBDDD1E3A264}.Release|Any CPU.Build.0 = Release|Any CPU
		{AF1A4412-B65C-4AEE-93D1-449807E5BD1B}.Debug|Any CPU.ActiveCfg = Debug|Any CPU
		{AF1A4412-B65C-4AEE-93D1-449807E5BD1B}.Debug|Any CPU.Build.0 = Debug|Any CPU
		{AF1A4412-B65C-4AEE-93D1-449807E5BD1B}.Release|Any CPU.ActiveCfg = Release|Any CPU
		{AF1A4412-B65C-4AEE-93D1-449807E5BD1B}.Release|Any CPU.Build.0 = Release|Any CPU
		{6DEB7910-9B3C-8E25-DEE2-9EA72B098611}.Debug|Any CPU.ActiveCfg = Debug|Any CPU
		{6DEB7910-9B3C-8E25-DEE2-9EA72B098611}.Debug|Any CPU.Build.0 = Debug|Any CPU
		{6DEB7910-9B3C-8E25-DEE2-9EA72B098611}.Release|Any CPU.ActiveCfg = Release|Any CPU
		{6DEB7910-9B3C-8E25-DEE2-9EA72B098611}.Release|Any CPU.Build.0 = Release|Any CPU
	EndGlobalSection
	GlobalSection(SolutionProperties) = preSolution
		HideSolutionNode = FALSE
	EndGlobalSection
EndGlobal
